
Microsoft Visual Studio Solution File, Format Version 12.00
# Visual Studio Version 16
VisualStudioVersion = 16.0.30011.22
MinimumVisualStudioVersion = 10.0.40219.1
Project("{FAE04EC0-301F-11D3-BF4B-00C04F79EFBC}") = "DZY_NoteSystem", "DZY_NoteSystem\DZY_NoteSystem.csproj", "{3D3C3F08-4B63-41A7-B53F-073B2FA9A465}"
	ProjectSection(ProjectDependencies) = postProject
		{5F601AB2-7601-4DE9-A94C-364FFC5223C2} = {5F601AB2-7601-4DE9-A94C-364FFC5223C2}
	EndProjectSection
EndProject
Project("{FAE04EC0-301F-11D3-BF4B-00C04F79EFBC}") = "Service", "Service\Service.csproj", "{5F601AB2-7601-4DE9-A94C-364FFC5223C2}"
EndProject
Global
	GlobalSection(SolutionConfigurationPlatforms) = preSolution
		Debug|Any CPU = Debug|Any CPU
		Release|Any CPU = Release|Any CPU
	EndGlobalSection
	GlobalSection(ProjectConfigurationPlatforms) = postSolution
		{3D3C3F08-4B63-41A7-B53F-073B2FA9A465}.Debug|Any CPU.ActiveCfg = Debug|Any CPU
		{3D3C3F08-4B63-41A7-B53F-073B2FA9A465}.Debug|Any CPU.Build.0 = Debug|Any CPU
		{3D3C3F08-4B63-41A7-B53F-073B2FA9A465}.Release|Any CPU.ActiveCfg = Release|Any CPU
		{3D3C3F08-4B63-41A7-B53F-073B2FA9A465}.Release|Any CPU.Build.0 = Release|Any CPU
		{5F601AB2-7601-4DE9-A94C-364FFC5223C2}.Debug|Any CPU.ActiveCfg = Debug|Any CPU
		{5F601AB2-7601-4DE9-A94C-364FFC5223C2}.Debug|Any CPU.Build.0 = Debug|Any CPU
		{5F601AB2-7601-4DE9-A94C-364FFC5223C2}.Release|Any CPU.ActiveCfg = Release|Any CPU
		{5F601AB2-7601-4DE9-A94C-364FFC5223C2}.Release|Any CPU.Build.0 = Release|Any CPU
	EndGlobalSection
	GlobalSection(SolutionProperties) = preSolution
		HideSolutionNode = FALSE
	EndGlobalSection
	GlobalSection(ExtensibilityGlobals) = postSolution
		SolutionGuid = {0D48F1C9-B7AF-49DF-9D25-FEF46531157D}
	EndGlobalSection
EndGlobal
