
Microsoft Visual Studio Solution File, Format Version 12.00
# Visual Studio Version 16
VisualStudioVersion = 16.0.31624.102
MinimumVisualStudioVersion = 10.0.40219.1
Project("{FAE04EC0-301F-11D3-BF4B-00C04F79EFBC}") = "Client", "Client\Client.csproj", "{509DEE8C-E686-4660-85E1-28E4EB155AF3}"
EndProject
Project("{FAE04EC0-301F-11D3-BF4B-00C04F79EFBC}") = "Service", "Service\Service.csproj", "{FFD9BBB9-96A8-47FA-A00D-07FAC28839A5}"
EndProject
Global
	GlobalSection(SolutionConfigurationPlatforms) = preSolution
		Debug|Any CPU = Debug|Any CPU
		Release|Any CPU = Release|Any CPU
	EndGlobalSection
	GlobalSection(ProjectConfigurationPlatforms) = postSolution
		{509DEE8C-E686-4660-85E1-28E4EB155AF3}.Debug|Any CPU.ActiveCfg = Debug|Any CPU
		{509DEE8C-E686-4660-85E1-28E4EB155AF3}.Debug|Any CPU.Build.0 = Debug|Any CPU
		{509DEE8C-E686-4660-85E1-28E4EB155AF3}.Release|Any CPU.ActiveCfg = Release|Any CPU
		{509DEE8C-E686-4660-85E1-28E4EB155AF3}.Release|Any CPU.Build.0 = Release|Any CPU
		{FFD9BBB9-96A8-47FA-A00D-07FAC28839A5}.Debug|Any CPU.ActiveCfg = Debug|Any CPU
		{FFD9BBB9-96A8-47FA-A00D-07FAC28839A5}.Debug|Any CPU.Build.0 = Debug|Any CPU
		{FFD9BBB9-96A8-47FA-A00D-07FAC28839A5}.Release|Any CPU.ActiveCfg = Release|Any CPU
		{FFD9BBB9-96A8-47FA-A00D-07FAC28839A5}.Release|Any CPU.Build.0 = Release|Any CPU
	EndGlobalSection
	GlobalSection(SolutionProperties) = preSolution
		HideSolutionNode = FALSE
	EndGlobalSection
	GlobalSection(ExtensibilityGlobals) = postSolution
		SolutionGuid = {AC9D316D-BBA9-4539-80C9-B90D90D3DA42}
	EndGlobalSection
EndGlobal
